<?xml version="1.0" encoding="utf-8"?>
<Project ToolsVersion="4.0" xmlns="http://schemas.microsoft.com/developer/msbuild/2003">
  <ItemGroup>
    <Filter Include="Quelldateien">
      <UniqueIdentifier>{4FC737F1-C7A5-4376-A066-2A32D752A2FF}</UniqueIdentifier>
      <Extensions>cpp;c;cc;cxx;def;odl;idl;hpj;bat;asm;asmx</Extensions>
    </Filter>
    <Filter Include="Headerdateien">
      <UniqueIdentifier>{93995380-89BD-4b04-88EB-625FBE52EBFB}</UniqueIdentifier>
      <Extensions>h;hh;hpp;hxx;hm;inl;inc;xsd</Extensions>
    </Filter>
    <Filter Include="Ressourcendateien">
      <UniqueIdentifier>{67DA6AB6-F800-4c08-8B7A-83BB121AAD01}</UniqueIdentifier>
      <Extensions>rc;ico;cur;bmp;dlg;rc2;rct;bin;rgs;gif;jpg;jpeg;jpe;resx;tiff;tif;png;wav;mfcribbon-ms</Extensions>
    </Filter>
    <Filter Include="Headerdateien\PIL">
      <UniqueIdentifier>{fc2e1cfd-a4de-42b3-a867-dda6309e1332}</UniqueIdentifier>
    </Filter>
    <Filter Include="Quelldateien\PIL">
      <UniqueIdentifier>{aeb83ee1-7451-4f03-840f-8f4dfe09fc5e}</UniqueIdentifier>
    </Filter>
    <Filter Include="Headerdateien\core">
      <UniqueIdentifier>{ef446536-903a-4265-958d-6b04d3574430}</UniqueIdentifier>
    </Filter>
    <Filter Include="Quelldateien\core">
      <UniqueIdentifier>{5a8ec1a6-67ba-4734-824e-bb464867b03f}</UniqueIdentifier>
    </Filter>
    <Filter Include="Headerdateien\core\parser">
      <UniqueIdentifier>{dfdfd2ff-e52c-4842-8676-3463be41bd87}</UniqueIdentifier>
    </Filter>
    <Filter Include="Quelldateien\core\parser">
      <UniqueIdentifier>{8150a7ba-c672-429e-b596-0c6b9f2b01a9}</UniqueIdentifier>
    </Filter>
  </ItemGroup>
  <ItemGroup>
    <Text Include="ReadMe.txt" />
  </ItemGroup>
  <ItemGroup>
    <ClInclude Include="include\PIL\meCollections.h">
      <Filter>Headerdateien\PIL</Filter>
    </ClInclude>
    <ClInclude Include="include\PIL\meHiResTimer.h">
      <Filter>Headerdateien\PIL</Filter>
    </ClInclude>
    <ClInclude Include="include\PIL\meTypes.h">
      <Filter>Headerdateien\PIL</Filter>
    </ClInclude>
    <ClInclude Include="include\core\meLogger.h">
      <Filter>Headerdateien\core</Filter>
    </ClInclude>
    <ClInclude Include="include\core\parser\meCSVParser.h">
      <Filter>Headerdateien\core\parser</Filter>
    </ClInclude>
    <ClInclude Include="include\core\meRNG.h">
      <Filter>Headerdateien\core</Filter>
    </ClInclude>
    <ClInclude Include="include\core\parser\meConfigParser.h">
      <Filter>Headerdateien\core\parser</Filter>
    </ClInclude>
    <ClInclude Include="include\PIL\mePILIO.h">
      <Filter>Headerdateien\PIL</Filter>
    </ClInclude>
    <ClInclude Include="include\core\meIO.h">
      <Filter>Headerdateien\core</Filter>
    </ClInclude>
    <ClInclude Include="include\core\meError.h">
      <Filter>Headerdateien\core</Filter>
    </ClInclude>
    <ClInclude Include="include\core\meConfig.h">
      <Filter>Headerdateien\core</Filter>
    </ClInclude>
  </ItemGroup>
  <ItemGroup>
    <ClCompile Include="src\PIL\meHiResTimer.cpp">
      <Filter>Quelldateien\PIL</Filter>
    </ClCompile>
    <ClCompile Include="src\core\parser\meCSVParser.cpp">
      <Filter>Quelldateien\core\parser</Filter>
    </ClCompile>
    <ClCompile Include="src\PIL\meTypes.cpp">
      <Filter>Quelldateien\PIL</Filter>
    </ClCompile>
    <ClCompile Include="src\core\meError.cpp">
      <Filter>Quelldateien\core</Filter>
    </ClCompile>
    <ClCompile Include="src\core\meRNG.cpp">
      <Filter>Quelldateien\core</Filter>
    </ClCompile>
    <ClCompile Include="src\core\meConfig.cpp">
      <Filter>Quelldateien\core</Filter>
    </ClCompile>
    <ClCompile Include="src\core\parser\meConfigParser.cpp">
      <Filter>Quelldateien\core\parser</Filter>
    </ClCompile>
    <ClCompile Include="src\PIL\mePILIO.cpp">
      <Filter>Quelldateien\PIL</Filter>
    </ClCompile>
    <ClCompile Include="src\core\meIO.cpp">
      <Filter>Quelldateien\core</Filter>
    </ClCompile>
  </ItemGroup>
</Project>